
Microsoft Visual Studio Solution File, Format Version 12.00
# Visual Studio Version 16
VisualStudioVersion = 16.0.30320.27
MinimumVisualStudioVersion = 10.0.40219.1
Project("{FAE04EC0-301F-11D3-BF4B-00C04F79EFBC}") = "PC_Controller.UWP", "PC_Controller.UWP\PC_Controller.UWP.csproj", "{8733B243-F799-4DD0-B5DC-CC5C1E90C43F}"
	ProjectSection(ProjectDependencies) = postProject
		{C64DF0A8-F414-4029-8C75-C6C66E018CBB} = {C64DF0A8-F414-4029-8C75-C6C66E018CBB}
	EndProjectSection
EndProject
Project("{FAE04EC0-301F-11D3-BF4B-00C04F79EFBC}") = "PC_Controller.Android", "PC_Controller.Android\PC_Controller.Android.csproj", "{F5C05DF1-718A-4D99-AA37-36317EFFB669}"
	ProjectSection(ProjectDependencies) = postProject
		{C64DF0A8-F414-4029-8C75-C6C66E018CBB} = {C64DF0A8-F414-4029-8C75-C6C66E018CBB}
	EndProjectSection
EndProject
Project("{FAE04EC0-301F-11D3-BF4B-00C04F79EFBC}") = "PC_Controller.iOS", "PC_Controller.iOS\PC_Controller.iOS.csproj", "{F09D9087-ED01-4636-94EF-951135EA5458}"
	ProjectSection(ProjectDependencies) = postProject
		{C64DF0A8-F414-4029-8C75-C6C66E018CBB} = {C64DF0A8-F414-4029-8C75-C6C66E018CBB}
	EndProjectSection
EndProject
Project("{9A19103F-16F7-4668-BE54-9A1E7A4F7556}") = "PC_Controller", "PC_Controller\PC_Controller.csproj", "{3DE86E12-D03D-43BA-A3D3-A0282175FC84}"
	ProjectSection(ProjectDependencies) = postProject
		{C64DF0A8-F414-4029-8C75-C6C66E018CBB} = {C64DF0A8-F414-4029-8C75-C6C66E018CBB}
	EndProjectSection
EndProject
Project("{9A19103F-16F7-4668-BE54-9A1E7A4F7556}") = "Communication", "Communication\Communication.csproj", "{C64DF0A8-F414-4029-8C75-C6C66E018CBB}"
EndProject
Project("{FAE04EC0-301F-11D3-BF4B-00C04F79EFBC}") = "Server", "Server\Server.csproj", "{D622E334-E031-4CCB-9EC5-C0E388E4F25D}"
EndProject
Global
	GlobalSection(SolutionConfigurationPlatforms) = preSolution
		Debug|Any CPU = Debug|Any CPU
		Debug|ARM = Debug|ARM
		Debug|iPhone = Debug|iPhone
		Debug|iPhoneSimulator = Debug|iPhoneSimulator
		Debug|x64 = Debug|x64
		Debug|x86 = Debug|x86
		Release|Any CPU = Release|Any CPU
		Release|ARM = Release|ARM
		Release|iPhone = Release|iPhone
		Release|iPhoneSimulator = Release|iPhoneSimulator
		Release|x64 = Release|x64
		Release|x86 = Release|x86
	EndGlobalSection
	GlobalSection(ProjectConfigurationPlatforms) = postSolution
		{8733B243-F799-4DD0-B5DC-CC5C1E90C43F}.Debug|Any CPU.ActiveCfg = Debug|x86
		{8733B243-F799-4DD0-B5DC-CC5C1E90C43F}.Debug|Any CPU.Build.0 = Debug|x86
		{8733B243-F799-4DD0-B5DC-CC5C1E90C43F}.Debug|Any CPU.Deploy.0 = Debug|x86
		{8733B243-F799-4DD0-B5DC-CC5C1E90C43F}.Debug|ARM.ActiveCfg = Debug|ARM
		{8733B243-F799-4DD0-B5DC-CC5C1E90C43F}.Debug|ARM.Build.0 = Debug|ARM
		{8733B243-F799-4DD0-B5DC-CC5C1E90C43F}.Debug|ARM.Deploy.0 = Debug|ARM
		{8733B243-F799-4DD0-B5DC-CC5C1E90C43F}.Debug|iPhone.ActiveCfg = Debug|x86
		{8733B243-F799-4DD0-B5DC-CC5C1E90C43F}.Debug|iPhone.Build.0 = Debug|x86
		{8733B243-F799-4DD0-B5DC-CC5C1E90C43F}.Debug|iPhone.Deploy.0 = Debug|x86
		{8733B243-F799-4DD0-B5DC-CC5C1E90C43F}.Debug|iPhoneSimulator.ActiveCfg = Debug|x86
		{8733B243-F799-4DD0-B5DC-CC5C1E90C43F}.Debug|iPhoneSimulator.Build.0 = Debug|x86
		{8733B243-F799-4DD0-B5DC-CC5C1E90C43F}.Debug|iPhoneSimulator.Deploy.0 = Debug|x86
		{8733B243-F799-4DD0-B5DC-CC5C1E90C43F}.Debug|x64.ActiveCfg = Debug|x64
		{8733B243-F799-4DD0-B5DC-CC5C1E90C43F}.Debug|x64.Build.0 = Debug|x64
		{8733B243-F799-4DD0-B5DC-CC5C1E90C43F}.Debug|x64.Deploy.0 = Debug|x64
		{8733B243-F799-4DD0-B5DC-CC5C1E90C43F}.Debug|x86.ActiveCfg = Debug|x86
		{8733B243-F799-4DD0-B5DC-CC5C1E90C43F}.Debug|x86.Build.0 = Debug|x86
		{8733B243-F799-4DD0-B5DC-CC5C1E90C43F}.Debug|x86.Deploy.0 = Debug|x86
		{8733B243-F799-4DD0-B5DC-CC5C1E90C43F}.Release|Any CPU.ActiveCfg = Release|x86
		{8733B243-F799-4DD0-B5DC-CC5C1E90C43F}.Release|Any CPU.Build.0 = Release|x86
		{8733B243-F799-4DD0-B5DC-CC5C1E90C43F}.Release|Any CPU.Deploy.0 = Release|x86
		{8733B243-F799-4DD0-B5DC-CC5C1E90C43F}.Release|ARM.ActiveCfg = Release|ARM
		{8733B243-F799-4DD0-B5DC-CC5C1E90C43F}.Release|ARM.Build.0 = Release|ARM
		{8733B243-F799-4DD0-B5DC-CC5C1E90C43F}.Release|ARM.Deploy.0 = Release|ARM
		{8733B243-F799-4DD0-B5DC-CC5C1E90C43F}.Release|iPhone.ActiveCfg = Release|x86
		{8733B243-F799-4DD0-B5DC-CC5C1E90C43F}.Release|iPhone.Build.0 = Release|x86
		{8733B243-F799-4DD0-B5DC-CC5C1E90C43F}.Release|iPhone.Deploy.0 = Release|x86
		{8733B243-F799-4DD0-B5DC-CC5C1E90C43F}.Release|iPhoneSimulator.ActiveCfg = Release|x86
		{8733B243-F799-4DD0-B5DC-CC5C1E90C43F}.Release|iPhoneSimulator.Build.0 = Release|x86
		{8733B243-F799-4DD0-B5DC-CC5C1E90C43F}.Release|iPhoneSimulator.Deploy.0 = Release|x86
		{8733B243-F799-4DD0-B5DC-CC5C1E90C43F}.Release|x64.ActiveCfg = Release|x64
		{8733B243-F799-4DD0-B5DC-CC5C1E90C43F}.Release|x64.Build.0 = Release|x64
		{8733B243-F799-4DD0-B5DC-CC5C1E90C43F}.Release|x64.Deploy.0 = Release|x64
		{8733B243-F799-4DD0-B5DC-CC5C1E90C43F}.Release|x86.ActiveCfg = Release|x86
		{8733B243-F799-4DD0-B5DC-CC5C1E90C43F}.Release|x86.Build.0 = Release|x86
		{8733B243-F799-4DD0-B5DC-CC5C1E90C43F}.Release|x86.Deploy.0 = Release|x86
		{F5C05DF1-718A-4D99-AA37-36317EFFB669}.Debug|Any CPU.ActiveCfg = Debug|Any CPU
		{F5C05DF1-718A-4D99-AA37-36317EFFB669}.Debug|Any CPU.Build.0 = Debug|Any CPU
		{F5C05DF1-718A-4D99-AA37-36317EFFB669}.Debug|Any CPU.Deploy.0 = Debug|Any CPU
		{F5C05DF1-718A-4D99-AA37-36317EFFB669}.Debug|ARM.ActiveCfg = Debug|Any CPU
		{F5C05DF1-718A-4D99-AA37-36317EFFB669}.Debug|ARM.Build.0 = Debug|Any CPU
		{F5C05DF1-718A-4D99-AA37-36317EFFB669}.Debug|ARM.Deploy.0 = Debug|Any CPU
		{F5C05DF1-718A-4D99-AA37-36317EFFB669}.Debug|iPhone.ActiveCfg = Debug|Any CPU
		{F5C05DF1-718A-4D99-AA37-36317EFFB669}.Debug|iPhone.Build.0 = Debug|Any CPU
		{F5C05DF1-718A-4D99-AA37-36317EFFB669}.Debug|iPhone.Deploy.0 = Debug|Any CPU
		{F5C05DF1-718A-4D99-AA37-36317EFFB669}.Debug|iPhoneSimulator.ActiveCfg = Debug|Any CPU
		{F5C05DF1-718A-4D99-AA37-36317EFFB669}.Debug|iPhoneSimulator.Build.0 = Debug|Any CPU
		{F5C05DF1-718A-4D99-AA37-36317EFFB669}.Debug|iPhoneSimulator.Deploy.0 = Debug|Any CPU
		{F5C05DF1-718A-4D99-AA37-36317EFFB669}.Debug|x64.ActiveCfg = Debug|Any CPU
		{F5C05DF1-718A-4D99-AA37-36317EFFB669}.Debug|x64.Build.0 = Debug|Any CPU
		{F5C05DF1-718A-4D99-AA37-36317EFFB669}.Debug|x64.Deploy.0 = Debug|Any CPU
		{F5C05DF1-718A-4D99-AA37-36317EFFB669}.Debug|x86.ActiveCfg = Debug|Any CPU
		{F5C05DF1-718A-4D99-AA37-36317EFFB669}.Debug|x86.Build.0 = Debug|Any CPU
		{F5C05DF1-718A-4D99-AA37-36317EFFB669}.Debug|x86.Deploy.0 = Debug|Any CPU
		{F5C05DF1-718A-4D99-AA37-36317EFFB669}.Release|Any CPU.ActiveCfg = Release|Any CPU
		{F5C05DF1-718A-4D99-AA37-36317EFFB669}.Release|Any CPU.Build.0 = Release|Any CPU
		{F5C05DF1-718A-4D99-AA37-36317EFFB669}.Release|Any CPU.Deploy.0 = Release|Any CPU
		{F5C05DF1-718A-4D99-AA37-36317EFFB669}.Release|ARM.ActiveCfg = Release|Any CPU
		{F5C05DF1-718A-4D99-AA37-36317EFFB669}.Release|ARM.Build.0 = Release|Any CPU
		{F5C05DF1-718A-4D99-AA37-36317EFFB669}.Release|ARM.Deploy.0 = Release|Any CPU
		{F5C05DF1-718A-4D99-AA37-36317EFFB669}.Release|iPhone.ActiveCfg = Release|Any CPU
		{F5C05DF1-718A-4D99-AA37-36317EFFB669}.Release|iPhone.Build.0 = Release|Any CPU
		{F5C05DF1-718A-4D99-AA37-36317EFFB669}.Release|iPhone.Deploy.0 = Release|Any CPU
		{F5C05DF1-718A-4D99-AA37-36317EFFB669}.Release|iPhoneSimulator.ActiveCfg = Release|Any CPU
		{F5C05DF1-718A-4D99-AA37-36317EFFB669}.Release|iPhoneSimulator.Build.0 = Release|Any CPU
		{F5C05DF1-718A-4D99-AA37-36317EFFB669}.Release|iPhoneSimulator.Deploy.0 = Release|Any CPU
		{F5C05DF1-718A-4D99-AA37-36317EFFB669}.Release|x64.ActiveCfg = Release|Any CPU
		{F5C05DF1-718A-4D99-AA37-36317EFFB669}.Release|x64.Build.0 = Release|Any CPU
		{F5C05DF1-718A-4D99-AA37-36317EFFB669}.Release|x64.Deploy.0 = Release|Any CPU
		{F5C05DF1-718A-4D99-AA37-36317EFFB669}.Release|x86.ActiveCfg = Release|Any CPU
		{F5C05DF1-718A-4D99-AA37-36317EFFB669}.Release|x86.Build.0 = Release|Any CPU
		{F5C05DF1-718A-4D99-AA37-36317EFFB669}.Release|x86.Deploy.0 = Release|Any CPU
		{F09D9087-ED01-4636-94EF-951135EA5458}.Debug|Any CPU.ActiveCfg = Debug|iPhone
		{F09D9087-ED01-4636-94EF-951135EA5458}.Debug|Any CPU.Build.0 = Debug|iPhone
		{F09D9087-ED01-4636-94EF-951135EA5458}.Debug|Any CPU.Deploy.0 = Debug|iPhone
		{F09D9087-ED01-4636-94EF-951135EA5458}.Debug|ARM.ActiveCfg = Debug|iPhone
		{F09D9087-ED01-4636-94EF-951135EA5458}.Debug|ARM.Build.0 = Debug|iPhone
		{F09D9087-ED01-4636-94EF-951135EA5458}.Debug|ARM.Deploy.0 = Debug|iPhone
		{F09D9087-ED01-4636-94EF-951135EA5458}.Debug|iPhone.ActiveCfg = Debug|iPhone
		{F09D9087-ED01-4636-94EF-951135EA5458}.Debug|iPhone.Build.0 = Debug|iPhone
		{F09D9087-ED01-4636-94EF-951135EA5458}.Debug|iPhone.Deploy.0 = Debug|iPhone
		{F09D9087-ED01-4636-94EF-951135EA5458}.Debug|iPhoneSimulator.ActiveCfg = Debug|iPhoneSimulator
		{F09D9087-ED01-4636-94EF-951135EA5458}.Debug|iPhoneSimulator.Build.0 = Debug|iPhoneSimulator
		{F09D9087-ED01-4636-94EF-951135EA5458}.Debug|iPhoneSimulator.Deploy.0 = Debug|iPhoneSimulator
		{F09D9087-ED01-4636-94EF-951135EA5458}.Debug|x64.ActiveCfg = Debug|iPhone
		{F09D9087-ED01-4636-94EF-951135EA5458}.Debug|x64.Build.0 = Debug|iPhone
		{F09D9087-ED01-4636-94EF-951135EA5458}.Debug|x64.Deploy.0 = Debug|iPhone
		{F09D9087-ED01-4636-94EF-951135EA5458}.Debug|x86.ActiveCfg = Debug|iPhone
		{F09D9087-ED01-4636-94EF-951135EA5458}.Debug|x86.Build.0 = Debug|iPhone
		{F09D9087-ED01-4636-94EF-951135EA5458}.Debug|x86.Deploy.0 = Debug|iPhone
		{F09D9087-ED01-4636-94EF-951135EA5458}.Release|Any CPU.ActiveCfg = Release|iPhone
		{F09D9087-ED01-4636-94EF-951135EA5458}.Release|Any CPU.Build.0 = Release|iPhone
		{F09D9087-ED01-4636-94EF-951135EA5458}.Release|Any CPU.Deploy.0 = Release|iPhone
		{F09D9087-ED01-4636-94EF-951135EA5458}.Release|ARM.ActiveCfg = Release|iPhone
		{F09D9087-ED01-4636-94EF-951135EA5458}.Release|ARM.Build.0 = Release|iPhone
		{F09D9087-ED01-4636-94EF-951135EA5458}.Release|ARM.Deploy.0 = Release|iPhone
		{F09D9087-ED01-4636-94EF-951135EA5458}.Release|iPhone.ActiveCfg = Release|iPhone
		{F09D9087-ED01-4636-94EF-951135EA5458}.Release|iPhone.Build.0 = Release|iPhone
		{F09D9087-ED01-4636-94EF-951135EA5458}.Release|iPhone.Deploy.0 = Release|iPhone
		{F09D9087-ED01-4636-94EF-951135EA5458}.Release|iPhoneSimulator.ActiveCfg = Release|iPhoneSimulator
		{F09D9087-ED01-4636-94EF-951135EA5458}.Release|iPhoneSimulator.Build.0 = Release|iPhoneSimulator
		{F09D9087-ED01-4636-94EF-951135EA5458}.Release|iPhoneSimulator.Deploy.0 = Release|iPhoneSimulator
		{F09D9087-ED01-4636-94EF-951135EA5458}.Release|x64.ActiveCfg = Release|iPhone
		{F09D9087-ED01-4636-94EF-951135EA5458}.Release|x64.Build.0 = Release|iPhone
		{F09D9087-ED01-4636-94EF-951135EA5458}.Release|x64.Deploy.0 = Release|iPhone
		{F09D9087-ED01-4636-94EF-951135EA5458}.Release|x86.ActiveCfg = Release|iPhone
		{F09D9087-ED01-4636-94EF-951135EA5458}.Release|x86.Build.0 = Release|iPhone
		{F09D9087-ED01-4636-94EF-951135EA5458}.Release|x86.Deploy.0 = Release|iPhone
		{3DE86E12-D03D-43BA-A3D3-A0282175FC84}.Debug|Any CPU.ActiveCfg = Debug|Any CPU
		{3DE86E12-D03D-43BA-A3D3-A0282175FC84}.Debug|Any CPU.Build.0 = Debug|Any CPU
		{3DE86E12-D03D-43BA-A3D3-A0282175FC84}.Debug|Any CPU.Deploy.0 = Debug|Any CPU
		{3DE86E12-D03D-43BA-A3D3-A0282175FC84}.Debug|ARM.ActiveCfg = Debug|Any CPU
		{3DE86E12-D03D-43BA-A3D3-A0282175FC84}.Debug|ARM.Build.0 = Debug|Any CPU
		{3DE86E12-D03D-43BA-A3D3-A0282175FC84}.Debug|ARM.Deploy.0 = Debug|Any CPU
		{3DE86E12-D03D-43BA-A3D3-A0282175FC84}.Debug|iPhone.ActiveCfg = Debug|Any CPU
		{3DE86E12-D03D-43BA-A3D3-A0282175FC84}.Debug|iPhone.Build.0 = Debug|Any CPU
		{3DE86E12-D03D-43BA-A3D3-A0282175FC84}.Debug|iPhone.Deploy.0 = Debug|Any CPU
		{3DE86E12-D03D-43BA-A3D3-A0282175FC84}.Debug|iPhoneSimulator.ActiveCfg = Debug|Any CPU
		{3DE86E12-D03D-43BA-A3D3-A0282175FC84}.Debug|iPhoneSimulator.Build.0 = Debug|Any CPU
		{3DE86E12-D03D-43BA-A3D3-A0282175FC84}.Debug|iPhoneSimulator.Deploy.0 = Debug|Any CPU
		{3DE86E12-D03D-43BA-A3D3-A0282175FC84}.Debug|x64.ActiveCfg = Debug|Any CPU
		{3DE86E12-D03D-43BA-A3D3-A0282175FC84}.Debug|x64.Build.0 = Debug|Any CPU
		{3DE86E12-D03D-43BA-A3D3-A0282175FC84}.Debug|x64.Deploy.0 = Debug|Any CPU
		{3DE86E12-D03D-43BA-A3D3-A0282175FC84}.Debug|x86.ActiveCfg = Debug|Any CPU
		{3DE86E12-D03D-43BA-A3D3-A0282175FC84}.Debug|x86.Build.0 = Debug|Any CPU
		{3DE86E12-D03D-43BA-A3D3-A0282175FC84}.Debug|x86.Deploy.0 = Debug|Any CPU
		{3DE86E12-D03D-43BA-A3D3-A0282175FC84}.Release|Any CPU.ActiveCfg = Release|Any CPU
		{3DE86E12-D03D-43BA-A3D3-A0282175FC84}.Release|Any CPU.Build.0 = Release|Any CPU
		{3DE86E12-D03D-43BA-A3D3-A0282175FC84}.Release|Any CPU.Deploy.0 = Release|Any CPU
		{3DE86E12-D03D-43BA-A3D3-A0282175FC84}.Release|ARM.ActiveCfg = Release|Any CPU
		{3DE86E12-D03D-43BA-A3D3-A0282175FC84}.Release|ARM.Build.0 = Release|Any CPU
		{3DE86E12-D03D-43BA-A3D3-A0282175FC84}.Release|ARM.Deploy.0 = Release|Any CPU
		{3DE86E12-D03D-43BA-A3D3-A0282175FC84}.Release|iPhone.ActiveCfg = Release|Any CPU
		{3DE86E12-D03D-43BA-A3D3-A0282175FC84}.Release|iPhone.Build.0 = Release|Any CPU
		{3DE86E12-D03D-43BA-A3D3-A0282175FC84}.Release|iPhone.Deploy.0 = Release|Any CPU
		{3DE86E12-D03D-43BA-A3D3-A0282175FC84}.Release|iPhoneSimulator.ActiveCfg = Release|Any CPU
		{3DE86E12-D03D-43BA-A3D3-A0282175FC84}.Release|iPhoneSimulator.Build.0 = Release|Any CPU
		{3DE86E12-D03D-43BA-A3D3-A0282175FC84}.Release|iPhoneSimulator.Deploy.0 = Release|Any CPU
		{3DE86E12-D03D-43BA-A3D3-A0282175FC84}.Release|x64.ActiveCfg = Release|Any CPU
		{3DE86E12-D03D-43BA-A3D3-A0282175FC84}.Release|x64.Build.0 = Release|Any CPU
		{3DE86E12-D03D-43BA-A3D3-A0282175FC84}.Release|x64.Deploy.0 = Release|Any CPU
		{3DE86E12-D03D-43BA-A3D3-A0282175FC84}.Release|x86.ActiveCfg = Release|Any CPU
		{3DE86E12-D03D-43BA-A3D3-A0282175FC84}.Release|x86.Build.0 = Release|Any CPU
		{3DE86E12-D03D-43BA-A3D3-A0282175FC84}.Release|x86.Deploy.0 = Release|Any CPU
		{C64DF0A8-F414-4029-8C75-C6C66E018CBB}.Debug|Any CPU.ActiveCfg = Debug|Any CPU
		{C64DF0A8-F414-4029-8C75-C6C66E018CBB}.Debug|Any CPU.Build.0 = Debug|Any CPU
		{C64DF0A8-F414-4029-8C75-C6C66E018CBB}.Debug|ARM.ActiveCfg = Debug|Any CPU
		{C64DF0A8-F414-4029-8C75-C6C66E018CBB}.Debug|ARM.Build.0 = Debug|Any CPU
		{C64DF0A8-F414-4029-8C75-C6C66E018CBB}.Debug|iPhone.ActiveCfg = Debug|Any CPU
		{C64DF0A8-F414-4029-8C75-C6C66E018CBB}.Debug|iPhone.Build.0 = Debug|Any CPU
		{C64DF0A8-F414-4029-8C75-C6C66E018CBB}.Debug|iPhoneSimulator.ActiveCfg = Debug|Any CPU
		{C64DF0A8-F414-4029-8C75-C6C66E018CBB}.Debug|iPhoneSimulator.Build.0 = Debug|Any CPU
		{C64DF0A8-F414-4029-8C75-C6C66E018CBB}.Debug|x64.ActiveCfg = Debug|Any CPU
		{C64DF0A8-F414-4029-8C75-C6C66E018CBB}.Debug|x64.Build.0 = Debug|Any CPU
		{C64DF0A8-F414-4029-8C75-C6C66E018CBB}.Debug|x86.ActiveCfg = Debug|Any CPU
		{C64DF0A8-F414-4029-8C75-C6C66E018CBB}.Debug|x86.Build.0 = Debug|Any CPU
		{C64DF0A8-F414-4029-8C75-C6C66E018CBB}.Release|Any CPU.ActiveCfg = Release|Any CPU
		{C64DF0A8-F414-4029-8C75-C6C66E018CBB}.Release|Any CPU.Build.0 = Release|Any CPU
		{C64DF0A8-F414-4029-8C75-C6C66E018CBB}.Release|ARM.ActiveCfg = Release|Any CPU
		{C64DF0A8-F414-4029-8C75-C6C66E018CBB}.Release|ARM.Build.0 = Release|Any CPU
		{C64DF0A8-F414-4029-8C75-C6C66E018CBB}.Release|iPhone.ActiveCfg = Release|Any CPU
		{C64DF0A8-F414-4029-8C75-C6C66E018CBB}.Release|iPhone.Build.0 = Release|Any CPU
		{C64DF0A8-F414-4029-8C75-C6C66E018CBB}.Release|iPhoneSimulator.ActiveCfg = Release|Any CPU
		{C64DF0A8-F414-4029-8C75-C6C66E018CBB}.Release|iPhoneSimulator.Build.0 = Release|Any CPU
		{C64DF0A8-F414-4029-8C75-C6C66E018CBB}.Release|x64.ActiveCfg = Release|Any CPU
		{C64DF0A8-F414-4029-8C75-C6C66E018CBB}.Release|x64.Build.0 = Release|Any CPU
		{C64DF0A8-F414-4029-8C75-C6C66E018CBB}.Release|x86.ActiveCfg = Release|Any CPU
		{C64DF0A8-F414-4029-8C75-C6C66E018CBB}.Release|x86.Build.0 = Release|Any CPU
		{D622E334-E031-4CCB-9EC5-C0E388E4F25D}.Debug|Any CPU.ActiveCfg = Debug|Any CPU
		{D622E334-E031-4CCB-9EC5-C0E388E4F25D}.Debug|Any CPU.Build.0 = Debug|Any CPU
		{D622E334-E031-4CCB-9EC5-C0E388E4F25D}.Debug|ARM.ActiveCfg = Debug|Any CPU
		{D622E334-E031-4CCB-9EC5-C0E388E4F25D}.Debug|ARM.Build.0 = Debug|Any CPU
		{D622E334-E031-4CCB-9EC5-C0E388E4F25D}.Debug|iPhone.ActiveCfg = Debug|Any CPU
		{D622E334-E031-4CCB-9EC5-C0E388E4F25D}.Debug|iPhone.Build.0 = Debug|Any CPU
		{D622E334-E031-4CCB-9EC5-C0E388E4F25D}.Debug|iPhoneSimulator.ActiveCfg = Debug|Any CPU
		{D622E334-E031-4CCB-9EC5-C0E388E4F25D}.Debug|iPhoneSimulator.Build.0 = Debug|Any CPU
		{D622E334-E031-4CCB-9EC5-C0E388E4F25D}.Debug|x64.ActiveCfg = Debug|Any CPU
		{D622E334-E031-4CCB-9EC5-C0E388E4F25D}.Debug|x64.Build.0 = Debug|Any CPU
		{D622E334-E031-4CCB-9EC5-C0E388E4F25D}.Debug|x86.ActiveCfg = Debug|Any CPU
		{D622E334-E031-4CCB-9EC5-C0E388E4F25D}.Debug|x86.Build.0 = Debug|Any CPU
		{D622E334-E031-4CCB-9EC5-C0E388E4F25D}.Release|Any CPU.ActiveCfg = Release|Any CPU
		{D622E334-E031-4CCB-9EC5-C0E388E4F25D}.Release|Any CPU.Build.0 = Release|Any CPU
		{D622E334-E031-4CCB-9EC5-C0E388E4F25D}.Release|ARM.ActiveCfg = Release|Any CPU
		{D622E334-E031-4CCB-9EC5-C0E388E4F25D}.Release|ARM.Build.0 = Release|Any CPU
		{D622E334-E031-4CCB-9EC5-C0E388E4F25D}.Release|iPhone.ActiveCfg = Release|Any CPU
		{D622E334-E031-4CCB-9EC5-C0E388E4F25D}.Release|iPhone.Build.0 = Release|Any CPU
		{D622E334-E031-4CCB-9EC5-C0E388E4F25D}.Release|iPhoneSimulator.ActiveCfg = Release|Any CPU
		{D622E334-E031-4CCB-9EC5-C0E388E4F25D}.Release|iPhoneSimulator.Build.0 = Release|Any CPU
		{D622E334-E031-4CCB-9EC5-C0E388E4F25D}.Release|x64.ActiveCfg = Release|Any CPU
		{D622E334-E031-4CCB-9EC5-C0E388E4F25D}.Release|x64.Build.0 = Release|Any CPU
		{D622E334-E031-4CCB-9EC5-C0E388E4F25D}.Release|x86.ActiveCfg = Release|Any CPU
		{D622E334-E031-4CCB-9EC5-C0E388E4F25D}.Release|x86.Build.0 = Release|Any CPU
	EndGlobalSection
	GlobalSection(SolutionProperties) = preSolution
		HideSolutionNode = FALSE
	EndGlobalSection
	GlobalSection(ExtensibilityGlobals) = postSolution
		SolutionGuid = {BA53CF2F-D191-4ACB-8173-70EB4D3C2542}
	EndGlobalSection
EndGlobal
